
Microsoft Visual Studio Solution File, Format Version 12.00
# Visual Studio Version 17
VisualStudioVersion = 17.7.34221.43
MinimumVisualStudioVersion = 10.0.40219.1
Project("{FAE04EC0-301F-11D3-BF4B-00C04F79EFBC}") = "OrderShield", "OrderShield\OrderShield.csproj", "{985826F2-7082-4828-9FF3-C2705D582403}"
EndProject
Global
	GlobalSection(SolutionConfigurationPlatforms) = preSolution
		Debug|Any CPU = Debug|Any CPU
		Release|Any CPU = Release|Any CPU
	EndGlobalSection
	GlobalSection(ProjectConfigurationPlatforms) = postSolution
		{985826F2-7082-4828-9FF3-C2705D582403}.Debug|Any CPU.ActiveCfg = Debug|Any CPU
		{985826F2-7082-4828-9FF3-C2705D582403}.Debug|Any CPU.Build.0 = Debug|Any CPU
		{985826F2-7082-4828-9FF3-C2705D582403}.Release|Any CPU.ActiveCfg = Release|Any CPU
		{985826F2-7082-4828-9FF3-C2705D582403}.Release|Any CPU.Build.0 = Release|Any CPU
	EndGlobalSection
	GlobalSection(SolutionProperties) = preSolution
		HideSolutionNode = FALSE
	EndGlobalSection
	GlobalSection(ExtensibilityGlobals) = postSolution
		SolutionGuid = {C3A4CFDB-52E1-4373-8E34-B63E4302CD1C}
	EndGlobalSection
EndGlobal
